
Microsoft Visual Studio Solution File, Format Version 12.00
# Visual Studio 15
Project("{FAE04EC0-301F-11D3-BF4B-00C04F79EFBC}") = "Assembly-CSharp", "Assembly-CSharp.csproj", "{9987E812-EEAE-58AF-6D54-AE7504CC8030}"
EndProject
Project("{FAE04EC0-301F-11D3-BF4B-00C04F79EFBC}") = "Assembly-CSharp-Editor", "Assembly-CSharp-Editor.csproj", "{9939E0CB-07A7-6D31-3997-C98CA9023764}"
EndProject
Global
	GlobalSection(SolutionConfigurationPlatforms) = preSolution
		Debug|Any CPU = Debug|Any CPU
		Release|Any CPU = Release|Any CPU
	EndGlobalSection
	GlobalSection(ProjectConfigurationPlatforms) = postSolution
		{9987E812-EEAE-58AF-6D54-AE7504CC8030}.Debug|Any CPU.ActiveCfg = Debug|Any CPU
		{9987E812-EEAE-58AF-6D54-AE7504CC8030}.Debug|Any CPU.Build.0 = Debug|Any CPU
		{9987E812-EEAE-58AF-6D54-AE7504CC8030}.Release|Any CPU.ActiveCfg = Release|Any CPU
		{9987E812-EEAE-58AF-6D54-AE7504CC8030}.Release|Any CPU.Build.0 = Release|Any CPU
		{9939E0CB-07A7-6D31-3997-C98CA9023764}.Debug|Any CPU.ActiveCfg = Debug|Any CPU
		{9939E0CB-07A7-6D31-3997-C98CA9023764}.Debug|Any CPU.Build.0 = Debug|Any CPU
		{9939E0CB-07A7-6D31-3997-C98CA9023764}.Release|Any CPU.ActiveCfg = Release|Any CPU
		{9939E0CB-07A7-6D31-3997-C98CA9023764}.Release|Any CPU.Build.0 = Release|Any CPU
	EndGlobalSection
	GlobalSection(SolutionProperties) = preSolution
		HideSolutionNode = FALSE
	EndGlobalSection
EndGlobal
